
Microsoft Visual Studio Solution File, Format Version 12.00
# Visual Studio Version 17
VisualStudioVersion = 17.0.31919.166
MinimumVisualStudioVersion = 10.0.40219.1
Project("{FAE04EC0-301F-11D3-BF4B-00C04F79EFBC}") = "GameDev", "GameDev\GameDev.csproj", "{6838EB5A-9102-46EE-8CAC-EEE816B89257}"
EndProject
Global
	GlobalSection(SolutionConfigurationPlatforms) = preSolution
		Debug|Any CPU = Debug|Any CPU
		Release|Any CPU = Release|Any CPU
	EndGlobalSection
	GlobalSection(ProjectConfigurationPlatforms) = postSolution
		{6838EB5A-9102-46EE-8CAC-EEE816B89257}.Debug|Any CPU.ActiveCfg = Debug|Any CPU
		{6838EB5A-9102-46EE-8CAC-EEE816B89257}.Debug|Any CPU.Build.0 = Debug|Any CPU
		{6838EB5A-9102-46EE-8CAC-EEE816B89257}.Release|Any CPU.ActiveCfg = Release|Any CPU
		{6838EB5A-9102-46EE-8CAC-EEE816B89257}.Release|Any CPU.Build.0 = Release|Any CPU
	EndGlobalSection
	GlobalSection(SolutionProperties) = preSolution
		HideSolutionNode = FALSE
	EndGlobalSection
	GlobalSection(ExtensibilityGlobals) = postSolution
		SolutionGuid = {AB69A2D5-FB82-4117-AE70-CB6A4DBFE53A}
	EndGlobalSection
EndGlobal
