
Microsoft Visual Studio Solution File, Format Version 12.00
# Visual Studio Version 17
VisualStudioVersion = 17.0.31919.166
MinimumVisualStudioVersion = 10.0.40219.1
Project("{FAE04EC0-301F-11D3-BF4B-00C04F79EFBC}") = "doubles", "doubles\doubles.csproj", "{44E02C3F-4CCC-4D27-9FDE-EBC6FB2EB623}"
EndProject
Global
	GlobalSection(SolutionConfigurationPlatforms) = preSolution
		Debug|Any CPU = Debug|Any CPU
		Release|Any CPU = Release|Any CPU
	EndGlobalSection
	GlobalSection(ProjectConfigurationPlatforms) = postSolution
		{44E02C3F-4CCC-4D27-9FDE-EBC6FB2EB623}.Debug|Any CPU.ActiveCfg = Debug|Any CPU
		{44E02C3F-4CCC-4D27-9FDE-EBC6FB2EB623}.Debug|Any CPU.Build.0 = Debug|Any CPU
		{44E02C3F-4CCC-4D27-9FDE-EBC6FB2EB623}.Release|Any CPU.ActiveCfg = Release|Any CPU
		{44E02C3F-4CCC-4D27-9FDE-EBC6FB2EB623}.Release|Any CPU.Build.0 = Release|Any CPU
	EndGlobalSection
	GlobalSection(SolutionProperties) = preSolution
		HideSolutionNode = FALSE
	EndGlobalSection
	GlobalSection(ExtensibilityGlobals) = postSolution
		SolutionGuid = {5AEF7BD5-34C9-4155-B41C-6F8619E4006C}
	EndGlobalSection
EndGlobal
