
Microsoft Visual Studio Solution File, Format Version 12.00
# Visual Studio Version 17
VisualStudioVersion = 17.0.31919.166
MinimumVisualStudioVersion = 10.0.40219.1
Project("{FAE04EC0-301F-11D3-BF4B-00C04F79EFBC}") = "Task3.2", "Task3.2\Task3.2.csproj", "{DC1E879B-7595-4C3C-914A-4C8A49B8BDED}"
EndProject
Global
	GlobalSection(SolutionConfigurationPlatforms) = preSolution
		Debug|Any CPU = Debug|Any CPU
		Release|Any CPU = Release|Any CPU
	EndGlobalSection
	GlobalSection(ProjectConfigurationPlatforms) = postSolution
		{DC1E879B-7595-4C3C-914A-4C8A49B8BDED}.Debug|Any CPU.ActiveCfg = Debug|Any CPU
		{DC1E879B-7595-4C3C-914A-4C8A49B8BDED}.Debug|Any CPU.Build.0 = Debug|Any CPU
		{DC1E879B-7595-4C3C-914A-4C8A49B8BDED}.Release|Any CPU.ActiveCfg = Release|Any CPU
		{DC1E879B-7595-4C3C-914A-4C8A49B8BDED}.Release|Any CPU.Build.0 = Release|Any CPU
	EndGlobalSection
	GlobalSection(SolutionProperties) = preSolution
		HideSolutionNode = FALSE
	EndGlobalSection
	GlobalSection(ExtensibilityGlobals) = postSolution
		SolutionGuid = {69EE7566-DE59-427C-898E-5C8EA363039D}
	EndGlobalSection
EndGlobal
